
Microsoft Visual Studio Solution File, Format Version 12.00
# Visual Studio 14
VisualStudioVersion = 14.0.25123.0
MinimumVisualStudioVersion = 10.0.40219.1
Project("{FAE04EC0-301F-11D3-BF4B-00C04F79EFBC}") = "WebSitePetraGold", "WebSitePetraGold\WebSitePetraGold.csproj", "{7E346AD5-74B9-4E2A-B1F7-A03B7E339DE4}"
EndProject
Project("{FAE04EC0-301F-11D3-BF4B-00C04F79EFBC}") = "Cotacoes", "Cotacoes\Cotacoes.csproj", "{43374DF0-7163-43E4-8E50-62F5BABE2E7B}"
EndProject
Project("{FAE04EC0-301F-11D3-BF4B-00C04F79EFBC}") = "DataAccessFactoryPetraGold", "DataAccess\DataAccessFactoryPetraGold.csproj", "{C5DBD1FC-1930-475C-AD71-12BB18ABF325}"
EndProject
Project("{FAE04EC0-301F-11D3-BF4B-00C04F79EFBC}") = "PetraGoldComum", "PetraGoldComum\PetraGoldComum.csproj", "{D6FA701F-D4B6-4B72-89D9-830BCE2FCC51}"
EndProject
Project("{FAE04EC0-301F-11D3-BF4B-00C04F79EFBC}") = "ModelPetraGold", "ModelPetraGold\ModelPetraGold.csproj", "{24F235ED-8267-4556-9ADB-8B236B0C3FAC}"
EndProject
Global
	GlobalSection(SolutionConfigurationPlatforms) = preSolution
		Debug|Any CPU = Debug|Any CPU
		Release|Any CPU = Release|Any CPU
	EndGlobalSection
	GlobalSection(ProjectConfigurationPlatforms) = postSolution
		{7E346AD5-74B9-4E2A-B1F7-A03B7E339DE4}.Debug|Any CPU.ActiveCfg = Debug|Any CPU
		{7E346AD5-74B9-4E2A-B1F7-A03B7E339DE4}.Debug|Any CPU.Build.0 = Debug|Any CPU
		{7E346AD5-74B9-4E2A-B1F7-A03B7E339DE4}.Release|Any CPU.ActiveCfg = Release|Any CPU
		{7E346AD5-74B9-4E2A-B1F7-A03B7E339DE4}.Release|Any CPU.Build.0 = Release|Any CPU
		{43374DF0-7163-43E4-8E50-62F5BABE2E7B}.Debug|Any CPU.ActiveCfg = Debug|Any CPU
		{43374DF0-7163-43E4-8E50-62F5BABE2E7B}.Debug|Any CPU.Build.0 = Debug|Any CPU
		{43374DF0-7163-43E4-8E50-62F5BABE2E7B}.Release|Any CPU.ActiveCfg = Release|Any CPU
		{43374DF0-7163-43E4-8E50-62F5BABE2E7B}.Release|Any CPU.Build.0 = Release|Any CPU
		{C5DBD1FC-1930-475C-AD71-12BB18ABF325}.Debug|Any CPU.ActiveCfg = Debug|Any CPU
		{C5DBD1FC-1930-475C-AD71-12BB18ABF325}.Debug|Any CPU.Build.0 = Debug|Any CPU
		{C5DBD1FC-1930-475C-AD71-12BB18ABF325}.Release|Any CPU.ActiveCfg = Release|Any CPU
		{C5DBD1FC-1930-475C-AD71-12BB18ABF325}.Release|Any CPU.Build.0 = Release|Any CPU
		{D6FA701F-D4B6-4B72-89D9-830BCE2FCC51}.Debug|Any CPU.ActiveCfg = Debug|Any CPU
		{D6FA701F-D4B6-4B72-89D9-830BCE2FCC51}.Debug|Any CPU.Build.0 = Debug|Any CPU
		{D6FA701F-D4B6-4B72-89D9-830BCE2FCC51}.Release|Any CPU.ActiveCfg = Release|Any CPU
		{D6FA701F-D4B6-4B72-89D9-830BCE2FCC51}.Release|Any CPU.Build.0 = Release|Any CPU
		{24F235ED-8267-4556-9ADB-8B236B0C3FAC}.Debug|Any CPU.ActiveCfg = Debug|Any CPU
		{24F235ED-8267-4556-9ADB-8B236B0C3FAC}.Debug|Any CPU.Build.0 = Debug|Any CPU
		{24F235ED-8267-4556-9ADB-8B236B0C3FAC}.Release|Any CPU.ActiveCfg = Release|Any CPU
		{24F235ED-8267-4556-9ADB-8B236B0C3FAC}.Release|Any CPU.Build.0 = Release|Any CPU
	EndGlobalSection
	GlobalSection(SolutionProperties) = preSolution
		HideSolutionNode = FALSE
	EndGlobalSection
EndGlobal
